Microsoft Visual Studio Solution File, Format Version 12.00
# Visual Studio Version 17
VisualStudioVersion = 17.5.2.0
MinimumVisualStudioVersion = 10.0.40219.1
Project("{FAE04EC0-301F-11D3-BF4B-00C04F79EFBC}") = "cadastro-cliente-api", "cadastro-cliente-api.csproj", "{FE147106-C00C-0040-A711-D7B4C66DD592}"
EndProject
Global
	GlobalSection(SolutionConfigurationPlatforms) = preSolution
		Debug|Any CPU = Debug|Any CPU
		Release|Any CPU = Release|Any CPU
	EndGlobalSection
	GlobalSection(ProjectConfigurationPlatforms) = postSolution
		{FE147106-C00C-0040-A711-D7B4C66DD592}.Debug|Any CPU.ActiveCfg = Debug|Any CPU
		{FE147106-C00C-0040-A711-D7B4C66DD592}.Debug|Any CPU.Build.0 = Debug|Any CPU
		{FE147106-C00C-0040-A711-D7B4C66DD592}.Release|Any CPU.ActiveCfg = Release|Any CPU
		{FE147106-C00C-0040-A711-D7B4C66DD592}.Release|Any CPU.Build.0 = Release|Any CPU
	EndGlobalSection
	GlobalSection(SolutionProperties) = preSolution
		HideSolutionNode = FALSE
	EndGlobalSection
	GlobalSection(ExtensibilityGlobals) = postSolution
		SolutionGuid = {2768DE61-9EB6-4E77-BDD0-2E0E80F32676}
	EndGlobalSection
EndGlobal
